# THIS IS AN AUTOGENERATED FILE. DO NOT EDIT THIS FILE DIRECTLY.
# yarn lockfile v1


"@socketry/live@^0.1.1":
  version "0.1.1"
  resolved "https://registry.yarnpkg.com/@socketry/live/-/live-0.1.1.tgz#37ec877bde129e82fc5cb8644544de01498cdd14"
  integrity sha512-LdL/Dt9Yd+EH3j5jyqLWrTE8aSyavLe3/mh9or2Sg5jZ92yhrRH4lwZoCc0gndMfvke30xR9kt/r4BK7eEzeOQ==
  dependencies:
    morphdom "^2.6.1"

morphdom@^2.6.1:
  version "2.6.1"
  resolved "https://registry.yarnpkg.com/morphdom/-/morphdom-2.6.1.tgz#e868e24f989fa3183004b159aed643e628b4306e"
  integrity sha512-Y8YRbAEP3eKykroIBWrjcfMw7mmwJfjhqdpSvoqinu8Y702nAwikpXcNFDiIkyvfCLxLM9Wu95RZqo4a9jFBaA==
